// !$*UTF8*$!
{
	archiveVersion = 1;
	classes = {
	};
	objectVersion = 50;
	objects = {

/* Begin PBXBuildFile section */
		BF151F2623842ABF00A70EBF /* Assets.xcassets in Resources */ = {isa = PBXBuildFile; fileRef = BF5EAFA8237F09F50077BCF5 /* Assets.xcassets */; };
		BF5EAFA4237F09E70077BCF5 /* Pop in Resources */ = {isa = PBXBuildFile; fileRef = BF5EAFA3237F09E70077BCF5 /* Pop */; };
		BF5EB03D237F17BD0077BCF5 /* PopEngine.framework in CopyFiles */ = {isa = PBXBuildFile; fileRef = BF5EB039237F176D0077BCF5 /* PopEngine.framework */; settings = {ATTRIBUTES = (CodeSignOnCopy, RemoveHeadersOnCopy, ); }; };
		BF5EB03E237F181E0077BCF5 /* PopEngine.framework in Frameworks */ = {isa = PBXBuildFile; fileRef = BF5EB039237F176D0077BCF5 /* PopEngine.framework */; };
		BF5EB04023802F380077BCF5 /* main.mm in Sources */ = {isa = PBXBuildFile; fileRef = BF5EAFAC237F09F50077BCF5 /* main.mm */; };
		BF5EB06E23803BC50077BCF5 /* PopEngine.nib in Resources */ = {isa = PBXBuildFile; fileRef = BF5EB06D23803BC50077BCF5 /* PopEngine.nib */; };
		BF5EB07523803E2F0077BCF5 /* PopCameraDeviceFramework.framework in Frameworks */ = {isa = PBXBuildFile; fileRef = BF5EB07323803E2F0077BCF5 /* PopCameraDeviceFramework.framework */; };
		BF5EB07623803E2F0077BCF5 /* PopCoreml.framework in Frameworks */ = {isa = PBXBuildFile; fileRef = BF5EB07423803E2F0077BCF5 /* PopCoreml.framework */; };
		BF5EB07A23803E9A0077BCF5 /* PopCameraDeviceFramework.framework in CopyFiles */ = {isa = PBXBuildFile; fileRef = BF5EB07323803E2F0077BCF5 /* PopCameraDeviceFramework.framework */; settings = {ATTRIBUTES = (CodeSignOnCopy, RemoveHeadersOnCopy, ); }; };
		BF5EB07B23803E9B0077BCF5 /* PopCoreml.framework in CopyFiles */ = {isa = PBXBuildFile; fileRef = BF5EB07423803E2F0077BCF5 /* PopCoreml.framework */; settings = {ATTRIBUTES = (CodeSignOnCopy, RemoveHeadersOnCopy, ); }; };
/* End PBXBuildFile section */

/* Begin PBXCopyFilesBuildPhase section */
		BF5EB03C237F17B40077BCF5 /* CopyFiles */ = {
			isa = PBXCopyFilesBuildPhase;
			buildActionMask = 2147483647;
			dstPath = "";
			dstSubfolderSpec = 10;
			files = (
				BF5EB03D237F17BD0077BCF5 /* PopEngine.framework in CopyFiles */,
				BF5EB07A23803E9A0077BCF5 /* PopCameraDeviceFramework.framework in CopyFiles */,
				BF5EB07B23803E9B0077BCF5 /* PopCoreml.framework in CopyFiles */,
			);
			runOnlyForDeploymentPostprocessing = 0;
		};
/* End PBXCopyFilesBuildPhase section */

/* Begin PBXFileReference section */
		BF5EAF8F237F08CB0077BCF5 /* PopMinesweeper.app */ = {isa = PBXFileReference; explicitFileType = wrapper.application; includeInIndex = 0; path = PopMinesweeper.app; sourceTree = BUILT_PRODUCTS_DIR; };
		BF5EAFA3237F09E70077BCF5 /* Pop */ = {isa = PBXFileReference; lastKnownFileType = folder; path = Pop; sourceTree = "<group>"; };
		BF5EAFA8237F09F50077BCF5 /* Assets.xcassets */ = {isa = PBXFileReference; lastKnownFileType = folder.assetcatalog; path = Assets.xcassets; sourceTree = "<group>"; };
		BF5EAFAB237F09F50077BCF5 /* Info.plist */ = {isa = PBXFileReference; lastKnownFileType = text.plist.xml; path = Info.plist; sourceTree = "<group>"; };
		BF5EAFAC237F09F50077BCF5 /* main.mm */ = {isa = PBXFileReference; lastKnownFileType = sourcecode.cpp.objcpp; path = main.mm; sourceTree = "<group>"; };
		BF5EAFAD237F09F50077BCF5 /* PopCave.entitlements */ = {isa = PBXFileReference; lastKnownFileType = text.plist.entitlements; path = PopCave.entitlements; sourceTree = "<group>"; };
		BF5EB039237F176D0077BCF5 /* PopEngine.framework */ = {isa = PBXFileReference; lastKnownFileType = wrapper.framework; name = PopEngine.framework; path = Src_Osx/PopEngine.framework; sourceTree = "<group>"; };
		BF5EB06D23803BC50077BCF5 /* PopEngine.nib */ = {isa = PBXFileReference; lastKnownFileType = file.bplist; name = PopEngine.nib; path = PopEngine.framework/Versions/A/Resources/PopEngine.nib; sourceTree = "<group>"; };
		BF5EB07323803E2F0077BCF5 /* PopCameraDeviceFramework.framework */ = {isa = PBXFileReference; lastKnownFileType = wrapper.framework; name = PopCameraDeviceFramework.framework; path = Src_Osx/PopCameraDeviceFramework.framework; sourceTree = "<group>"; };
		BF5EB07423803E2F0077BCF5 /* PopCoreml.framework */ = {isa = PBXFileReference; lastKnownFileType = wrapper.framework; name = PopCoreml.framework; path = Src_Osx/PopCoreml.framework; sourceTree = "<group>"; };
/* End PBXFileReference section */

/* Begin PBXFrameworksBuildPhase section */
		BF5EAF8C237F08CB0077BCF5 /* Frameworks */ = {
			isa = PBXFrameworksBuildPhase;
			buildActionMask = 2147483647;
			files = (
				BF5EB07523803E2F0077BCF5 /* PopCameraDeviceFramework.framework in Frameworks */,
				BF5EB03E237F181E0077BCF5 /* PopEngine.framework in Frameworks */,
				BF5EB07623803E2F0077BCF5 /* PopCoreml.framework in Frameworks */,
			);
			runOnlyForDeploymentPostprocessing = 0;
		};
/* End PBXFrameworksBuildPhase section */

/* Begin PBXGroup section */
		BF5EAF86237F08CB0077BCF5 = {
			isa = PBXGroup;
			children = (
				BF5EAFA5237F09F50077BCF5 /* Src_Osx */,
				BF5EAFA3237F09E70077BCF5 /* Pop */,
				BF5EAF90237F08CB0077BCF5 /* Products */,
				BF5EB031237F151C0077BCF5 /* Frameworks */,
			);
			sourceTree = "<group>";
		};
		BF5EAF90237F08CB0077BCF5 /* Products */ = {
			isa = PBXGroup;
			children = (
				BF5EAF8F237F08CB0077BCF5 /* PopMinesweeper.app */,
			);
			name = Products;
			sourceTree = "<group>";
		};
		BF5EAFA5237F09F50077BCF5 /* Src_Osx */ = {
			isa = PBXGroup;
			children = (
				BF5EB06D23803BC50077BCF5 /* PopEngine.nib */,
				BF5EAFA8237F09F50077BCF5 /* Assets.xcassets */,
				BF5EAFAB237F09F50077BCF5 /* Info.plist */,
				BF5EAFAC237F09F50077BCF5 /* main.mm */,
				BF5EAFAD237F09F50077BCF5 /* PopCave.entitlements */,
			);
			path = Src_Osx;
			sourceTree = "<group>";
		};
		BF5EB031237F151C0077BCF5 /* Frameworks */ = {
			isa = PBXGroup;
			children = (
				BF5EB07323803E2F0077BCF5 /* PopCameraDeviceFramework.framework */,
				BF5EB07423803E2F0077BCF5 /* PopCoreml.framework */,
				BF5EB039237F176D0077BCF5 /* PopEngine.framework */,
			);
			name = Frameworks;
			sourceTree = "<group>";
		};
/* End PBXGroup section */

/* Begin PBXNativeTarget section */
		BF5EAF8E237F08CB0077BCF5 /* PopMinesweeper */ = {
			isa = PBXNativeTarget;
			buildConfigurationList = BF5EAFA0237F08CC0077BCF5 /* Build configuration list for PBXNativeTarget "PopMinesweeper" */;
			buildPhases = (
				BF5EAF8B237F08CB0077BCF5 /* Sources */,
				BF5EAF8C237F08CB0077BCF5 /* Frameworks */,
				BF5EAF8D237F08CB0077BCF5 /* Resources */,
				BF5EB03C237F17B40077BCF5 /* CopyFiles */,
			);
			buildRules = (
			);
			dependencies = (
			);
			name = PopMinesweeper;
			productName = PopCave;
			productReference = BF5EAF8F237F08CB0077BCF5 /* PopMinesweeper.app */;
			productType = "com.apple.product-type.application";
		};
/* End PBXNativeTarget section */

/* Begin PBXProject section */
		BF5EAF87237F08CB0077BCF5 /* Project object */ = {
			isa = PBXProject;
			attributes = {
				LastUpgradeCheck = 1010;
				ORGANIZATIONNAME = NewChromantics;
				TargetAttributes = {
					BF5EAF8E237F08CB0077BCF5 = {
						CreatedOnToolsVersion = 10.1;
						SystemCapabilities = {
							com.apple.Sandbox = {
								enabled = 0;
							};
						};
					};
				};
			};
			buildConfigurationList = BF5EAF8A237F08CB0077BCF5 /* Build configuration list for PBXProject "PopMinesweeper" */;
			compatibilityVersion = "Xcode 9.3";
			developmentRegion = en;
			hasScannedForEncodings = 0;
			knownRegions = (
				en,
				Base,
			);
			mainGroup = BF5EAF86237F08CB0077BCF5;
			productRefGroup = BF5EAF90237F08CB0077BCF5 /* Products */;
			projectDirPath = "";
			projectRoot = "";
			targets = (
				BF5EAF8E237F08CB0077BCF5 /* PopMinesweeper */,
			);
		};
/* End PBXProject section */

/* Begin PBXResourcesBuildPhase section */
		BF5EAF8D237F08CB0077BCF5 /* Resources */ = {
			isa = PBXResourcesBuildPhase;
			buildActionMask = 2147483647;
			files = (
				BF5EAFA4237F09E70077BCF5 /* Pop in Resources */,
				BF151F2623842ABF00A70EBF /* Assets.xcassets in Resources */,
				BF5EB06E23803BC50077BCF5 /* PopEngine.nib in Resources */,
			);
			runOnlyForDeploymentPostprocessing = 0;
		};
/* End PBXResourcesBuildPhase section */

/* Begin PBXSourcesBuildPhase section */
		BF5EAF8B237F08CB0077BCF5 /* Sources */ = {
			isa = PBXSourcesBuildPhase;
			buildActionMask = 2147483647;
			files = (
				BF5EB04023802F380077BCF5 /* main.mm in Sources */,
			);
			runOnlyForDeploymentPostprocessing = 0;
		};
/* End PBXSourcesBuildPhase section */

/* Begin XCBuildConfiguration section */
		BF5EAF9E237F08CC0077BCF5 /* Debug */ = {
			isa = XCBuildConfiguration;
			buildSettings = {
				ALWAYS_SEARCH_USER_PATHS = NO;
				CLANG_ANALYZER_NONNULL = YES;
				CLANG_ANALYZER_NUMBER_OBJECT_CONVERSION = YES_AGGRESSIVE;
				CLANG_CXX_LANGUAGE_STANDARD = "gnu++14";
				CLANG_CXX_LIBRARY = "libc++";
				CLANG_ENABLE_MODULES = YES;
				CLANG_ENABLE_OBJC_ARC = YES;
				CLANG_ENABLE_OBJC_WEAK = YES;
				CLANG_WARN_BLOCK_CAPTURE_AUTORELEASING = YES;
				CLANG_WARN_BOOL_CONVERSION = YES;
				CLANG_WARN_COMMA = YES;
				CLANG_WARN_CONSTANT_CONVERSION = YES;
				CLANG_WARN_DEPRECATED_OBJC_IMPLEMENTATIONS = YES;
				CLANG_WARN_DIRECT_OBJC_ISA_USAGE = YES_ERROR;
				CLANG_WARN_DOCUMENTATION_COMMENTS = YES;
				CLANG_WARN_EMPTY_BODY = YES;
				CLANG_WARN_ENUM_CONVERSION = YES;
				CLANG_WARN_INFINITE_RECURSION = YES;
				CLANG_WARN_INT_CONVERSION = YES;
				CLANG_WARN_NON_LITERAL_NULL_CONVERSION = YES;
				CLANG_WARN_OBJC_IMPLICIT_RETAIN_SELF = YES;
				CLANG_WARN_OBJC_LITERAL_CONVERSION = YES;
				CLANG_WARN_OBJC_ROOT_CLASS = YES_ERROR;
				CLANG_WARN_RANGE_LOOP_ANALYSIS = YES;
				CLANG_WARN_STRICT_PROTOTYPES = YES;
				CLANG_WARN_SUSPICIOUS_MOVE = YES;
				CLANG_WARN_UNGUARDED_AVAILABILITY = YES_AGGRESSIVE;
				CLANG_WARN_UNREACHABLE_CODE = YES;
				CLANG_WARN__DUPLICATE_METHOD_MATCH = YES;
				CODE_SIGN_IDENTITY = "Mac Developer";
				COPY_PHASE_STRIP = NO;
				DEBUG_INFORMATION_FORMAT = dwarf;
				ENABLE_STRICT_OBJC_MSGSEND = YES;
				ENABLE_TESTABILITY = YES;
				GCC_C_LANGUAGE_STANDARD = gnu11;
				GCC_DYNAMIC_NO_PIC = NO;
				GCC_NO_COMMON_BLOCKS = YES;
				GCC_OPTIMIZATION_LEVEL = 0;
				GCC_PREPROCESSOR_DEFINITIONS = (
					"DEBUG=1",
					"$(inherited)",
				);
				GCC_WARN_64_TO_32_BIT_CONVERSION = YES;
				GCC_WARN_ABOUT_RETURN_TYPE = YES_ERROR;
				GCC_WARN_UNDECLARED_SELECTOR = YES;
				GCC_WARN_UNINITIALIZED_AUTOS = YES_AGGRESSIVE;
				GCC_WARN_UNUSED_FUNCTION = YES;
				GCC_WARN_UNUSED_VARIABLE = YES;
				MACOSX_DEPLOYMENT_TARGET = 10.13;
				MTL_ENABLE_DEBUG_INFO = INCLUDE_SOURCE;
				MTL_FAST_MATH = YES;
				SDKROOT = macosx;
			};
			name = Debug;
		};
		BF5EAF9F237F08CC0077BCF5 /* Release */ = {
			isa = XCBuildConfiguration;
			buildSettings = {
				ALWAYS_SEARCH_USER_PATHS = NO;
				CLANG_ANALYZER_NONNULL = YES;
				CLANG_ANALYZER_NUMBER_OBJECT_CONVERSION = YES_AGGRESSIVE;
				CLANG_CXX_LANGUAGE_STANDARD = "gnu++14";
				CLANG_CXX_LIBRARY = "libc++";
				CLANG_ENABLE_MODULES = YES;
				CLANG_ENABLE_OBJC_ARC = YES;
				CLANG_ENABLE_OBJC_WEAK = YES;
				CLANG_WARN_BLOCK_CAPTURE_AUTORELEASING = YES;
				CLANG_WARN_BOOL_CONVERSION = YES;
				CLANG_WARN_COMMA = YES;
				CLANG_WARN_CONSTANT_CONVERSION = YES;
				CLANG_WARN_DEPRECATED_OBJC_IMPLEMENTATIONS = YES;
				CLANG_WARN_DIRECT_OBJC_ISA_USAGE = YES_ERROR;
				CLANG_WARN_DOCUMENTATION_COMMENTS = YES;
				CLANG_WARN_EMPTY_BODY = YES;
				CLANG_WARN_ENUM_CONVERSION = YES;
				CLANG_WARN_INFINITE_RECURSION = YES;
				CLANG_WARN_INT_CONVERSION = YES;
				CLANG_WARN_NON_LITERAL_NULL_CONVERSION = YES;
				CLANG_WARN_OBJC_IMPLICIT_RETAIN_SELF = YES;
				CLANG_WARN_OBJC_LITERAL_CONVERSION = YES;
				CLANG_WARN_OBJC_ROOT_CLASS = YES_ERROR;
				CLANG_WARN_RANGE_LOOP_ANALYSIS = YES;
				CLANG_WARN_STRICT_PROTOTYPES = YES;
				CLANG_WARN_SUSPICIOUS_MOVE = YES;
				CLANG_WARN_UNGUARDED_AVAILABILITY = YES_AGGRESSIVE;
				CLANG_WARN_UNREACHABLE_CODE = YES;
				CLANG_WARN__DUPLICATE_METHOD_MATCH = YES;
				CODE_SIGN_IDENTITY = "Mac Developer";
				COPY_PHASE_STRIP = NO;
				DEBUG_INFORMATION_FORMAT = "dwarf-with-dsym";
				ENABLE_NS_ASSERTIONS = NO;
				ENABLE_STRICT_OBJC_MSGSEND = YES;
				GCC_C_LANGUAGE_STANDARD = gnu11;
				GCC_NO_COMMON_BLOCKS = YES;
				GCC_WARN_64_TO_32_BIT_CONVERSION = YES;
				GCC_WARN_ABOUT_RETURN_TYPE = YES_ERROR;
				GCC_WARN_UNDECLARED_SELECTOR = YES;
				GCC_WARN_UNINITIALIZED_AUTOS = YES_AGGRESSIVE;
				GCC_WARN_UNUSED_FUNCTION = YES;
				GCC_WARN_UNUSED_VARIABLE = YES;
				MACOSX_DEPLOYMENT_TARGET = 10.13;
				MTL_ENABLE_DEBUG_INFO = NO;
				MTL_FAST_MATH = YES;
				SDKROOT = macosx;
			};
			name = Release;
		};
		BF5EAFA1237F08CC0077BCF5 /* Debug */ = {
			isa = XCBuildConfiguration;
			buildSettings = {
				ASSETCATALOG_COMPILER_APPICON_NAME = AppIcon;
				CLANG_ADDRESS_SANITIZER_CONTAINER_OVERFLOW = YES;
				CODE_SIGN_IDENTITY = "Mac Developer";
				CODE_SIGN_STYLE = Automatic;
				COMBINE_HIDPI_IMAGES = YES;
				DEVELOPMENT_TEAM = X52DR36JY2;
				FRAMEWORK_SEARCH_PATHS = (
					"$(inherited)",
					"$(PROJECT_DIR)/Src_Osx",
				);
				INFOPLIST_FILE = "$(SRCROOT)/Src_Osx/Info.plist";
				LD_RUNPATH_SEARCH_PATHS = (
					"$(inherited)",
					"@executable_path/../Frameworks",
				);
				ONLY_ACTIVE_ARCH = NO;
				PRODUCT_BUNDLE_IDENTIFIER = com.NewChromantics.PopCave;
				PRODUCT_NAME = "$(TARGET_NAME)";
				PROVISIONING_PROFILE_SPECIFIER = "";
			};
			name = Debug;
		};
		BF5EAFA2237F08CC0077BCF5 /* Release */ = {
			isa = XCBuildConfiguration;
			buildSettings = {
				ASSETCATALOG_COMPILER_APPICON_NAME = AppIcon;
				CLANG_ADDRESS_SANITIZER_CONTAINER_OVERFLOW = YES;
				CODE_SIGN_IDENTITY = "Mac Developer";
				CODE_SIGN_STYLE = Automatic;
				COMBINE_HIDPI_IMAGES = YES;
				DEVELOPMENT_TEAM = X52DR36JY2;
				FRAMEWORK_SEARCH_PATHS = (
					"$(inherited)",
					"$(PROJECT_DIR)/Src_Osx",
				);
				INFOPLIST_FILE = "$(SRCROOT)/Src_Osx/Info.plist";
				LD_RUNPATH_SEARCH_PATHS = (
					"$(inherited)",
					"@executable_path/../Frameworks",
				);
				ONLY_ACTIVE_ARCH = NO;
				PRODUCT_BUNDLE_IDENTIFIER = com.NewChromantics.PopCave;
				PRODUCT_NAME = "$(TARGET_NAME)";
				PROVISIONING_PROFILE_SPECIFIER = "";
			};
			name = Release;
		};
/* End XCBuildConfiguration section */

/* Begin XCConfigurationList section */
		BF5EAF8A237F08CB0077BCF5 /* Build configuration list for PBXProject "PopMinesweeper" */ = {
			isa = XCConfigurationList;
			buildConfigurations = (
				BF5EAF9E237F08CC0077BCF5 /* Debug */,
				BF5EAF9F237F08CC0077BCF5 /* Release */,
			);
			defaultConfigurationIsVisible = 0;
			defaultConfigurationName = Release;
		};
		BF5EAFA0237F08CC0077BCF5 /* Build configuration list for PBXNativeTarget "PopMinesweeper" */ = {
			isa = XCConfigurationList;
			buildConfigurations = (
				BF5EAFA1237F08CC0077BCF5 /* Debug */,
				BF5EAFA2237F08CC0077BCF5 /* Release */,
			);
			defaultConfigurationIsVisible = 0;
			defaultConfigurationName = Release;
		};
/* End XCConfigurationList section */
	};
	rootObject = BF5EAF87237F08CB0077BCF5 /* Project object */;
}
